
Microsoft Visual Studio Solution File, Format Version 12.00
# Visual Studio Version 17
VisualStudioVersion = 17.4.33213.308
MinimumVisualStudioVersion = 10.0.40219.1
Project("{FAE04EC0-301F-11D3-BF4B-00C04F79EFBC}") = "Week4Loops", "Week4Loops\Week4Loops.csproj", "{34884E6D-738F-4347-87E3-C54BFD55E24C}"
EndProject
Project("{FAE04EC0-301F-11D3-BF4B-00C04F79EFBC}") = "ForLoopSum", "ForLoopSum\ForLoopSum.csproj", "{1BB48B72-7331-4CEA-9897-09594B30E793}"
EndProject
Project("{FAE04EC0-301F-11D3-BF4B-00C04F79EFBC}") = "RandomNumber", "RandomNumber\RandomNumber.csproj", "{755CFCF5-B142-444A-95A2-4426E55ACE0C}"
EndProject
Project("{FAE04EC0-301F-11D3-BF4B-00C04F79EFBC}") = "WhileLoops", "WhileLoops\WhileLoops.csproj", "{F00752B5-3800-4389-8C27-C4AB1BDDF1FD}"
EndProject
Global
	GlobalSection(SolutionConfigurationPlatforms) = preSolution
		Debug|Any CPU = Debug|Any CPU
		Release|Any CPU = Release|Any CPU
	EndGlobalSection
	GlobalSection(ProjectConfigurationPlatforms) = postSolution
		{34884E6D-738F-4347-87E3-C54BFD55E24C}.Debug|Any CPU.ActiveCfg = Debug|Any CPU
		{34884E6D-738F-4347-87E3-C54BFD55E24C}.Debug|Any CPU.Build.0 = Debug|Any CPU
		{34884E6D-738F-4347-87E3-C54BFD55E24C}.Release|Any CPU.ActiveCfg = Release|Any CPU
		{34884E6D-738F-4347-87E3-C54BFD55E24C}.Release|Any CPU.Build.0 = Release|Any CPU
		{1BB48B72-7331-4CEA-9897-09594B30E793}.Debug|Any CPU.ActiveCfg = Debug|Any CPU
		{1BB48B72-7331-4CEA-9897-09594B30E793}.Debug|Any CPU.Build.0 = Debug|Any CPU
		{1BB48B72-7331-4CEA-9897-09594B30E793}.Release|Any CPU.ActiveCfg = Release|Any CPU
		{1BB48B72-7331-4CEA-9897-09594B30E793}.Release|Any CPU.Build.0 = Release|Any CPU
		{755CFCF5-B142-444A-95A2-4426E55ACE0C}.Debug|Any CPU.ActiveCfg = Debug|Any CPU
		{755CFCF5-B142-444A-95A2-4426E55ACE0C}.Debug|Any CPU.Build.0 = Debug|Any CPU
		{755CFCF5-B142-444A-95A2-4426E55ACE0C}.Release|Any CPU.ActiveCfg = Release|Any CPU
		{755CFCF5-B142-444A-95A2-4426E55ACE0C}.Release|Any CPU.Build.0 = Release|Any CPU
		{F00752B5-3800-4389-8C27-C4AB1BDDF1FD}.Debug|Any CPU.ActiveCfg = Debug|Any CPU
		{F00752B5-3800-4389-8C27-C4AB1BDDF1FD}.Debug|Any CPU.Build.0 = Debug|Any CPU
		{F00752B5-3800-4389-8C27-C4AB1BDDF1FD}.Release|Any CPU.ActiveCfg = Release|Any CPU
		{F00752B5-3800-4389-8C27-C4AB1BDDF1FD}.Release|Any CPU.Build.0 = Release|Any CPU
	EndGlobalSection
	GlobalSection(SolutionProperties) = preSolution
		HideSolutionNode = FALSE
	EndGlobalSection
	GlobalSection(ExtensibilityGlobals) = postSolution
		SolutionGuid = {4CEA3224-61B7-40F0-AF73-BE7FB0FA7146}
	EndGlobalSection
EndGlobal
